
Microsoft Visual Studio Solution File, Format Version 12.00
# Visual Studio Version 17
VisualStudioVersion = 17.3.32825.248
MinimumVisualStudioVersion = 10.0.40219.1
Project("{FAE04EC0-301F-11D3-BF4B-00C04F79EFBC}") = "ConsoleApp_4_RevConditions", "ConsoleApp_4_RevConditions\ConsoleApp_4_RevConditions.csproj", "{816F1EE2-175D-4DA3-8ED9-6DD3B2DC46D9}"
EndProject
Project("{FAE04EC0-301F-11D3-BF4B-00C04F79EFBC}") = "ConsoleApp_RevConditions", "src\ConsoleApp_RevConditions\ConsoleApp_RevConditions.csproj", "{F51269A9-DE8E-4F57-9059-9E5C6887FF13}"
EndProject
Global
	GlobalSection(SolutionConfigurationPlatforms) = preSolution
		Debug|Any CPU = Debug|Any CPU
		Release|Any CPU = Release|Any CPU
	EndGlobalSection
	GlobalSection(ProjectConfigurationPlatforms) = postSolution
		{816F1EE2-175D-4DA3-8ED9-6DD3B2DC46D9}.Debug|Any CPU.ActiveCfg = Debug|Any CPU
		{816F1EE2-175D-4DA3-8ED9-6DD3B2DC46D9}.Debug|Any CPU.Build.0 = Debug|Any CPU
		{816F1EE2-175D-4DA3-8ED9-6DD3B2DC46D9}.Release|Any CPU.ActiveCfg = Release|Any CPU
		{816F1EE2-175D-4DA3-8ED9-6DD3B2DC46D9}.Release|Any CPU.Build.0 = Release|Any CPU
		{F51269A9-DE8E-4F57-9059-9E5C6887FF13}.Debug|Any CPU.ActiveCfg = Debug|Any CPU
		{F51269A9-DE8E-4F57-9059-9E5C6887FF13}.Debug|Any CPU.Build.0 = Debug|Any CPU
		{F51269A9-DE8E-4F57-9059-9E5C6887FF13}.Release|Any CPU.ActiveCfg = Release|Any CPU
		{F51269A9-DE8E-4F57-9059-9E5C6887FF13}.Release|Any CPU.Build.0 = Release|Any CPU
	EndGlobalSection
	GlobalSection(SolutionProperties) = preSolution
		HideSolutionNode = FALSE
	EndGlobalSection
	GlobalSection(ExtensibilityGlobals) = postSolution
		SolutionGuid = {EED25520-8CDB-4036-B641-971E14248544}
	EndGlobalSection
EndGlobal
