
Microsoft Visual Studio Solution File, Format Version 12.00
# Visual Studio Version 17
VisualStudioVersion = 17.3.32922.545
MinimumVisualStudioVersion = 10.0.40219.1
Project("{FAE04EC0-301F-11D3-BF4B-00C04F79EFBC}") = "WebApplication", "WebApplication.csproj", "{90ECB024-CE8E-44C3-97C7-9770604CBDD3}"
EndProject
Global
	GlobalSection(SolutionConfigurationPlatforms) = preSolution
		Debug|Any CPU = Debug|Any CPU
		Release|Any CPU = Release|Any CPU
	EndGlobalSection
	GlobalSection(ProjectConfigurationPlatforms) = postSolution
		{90ECB024-CE8E-44C3-97C7-9770604CBDD3}.Debug|Any CPU.ActiveCfg = Debug|Any CPU
		{90ECB024-CE8E-44C3-97C7-9770604CBDD3}.Debug|Any CPU.Build.0 = Debug|Any CPU
		{90ECB024-CE8E-44C3-97C7-9770604CBDD3}.Release|Any CPU.ActiveCfg = Release|Any CPU
		{90ECB024-CE8E-44C3-97C7-9770604CBDD3}.Release|Any CPU.Build.0 = Release|Any CPU
	EndGlobalSection
	GlobalSection(SolutionProperties) = preSolution
		HideSolutionNode = FALSE
	EndGlobalSection
	GlobalSection(ExtensibilityGlobals) = postSolution
		SolutionGuid = {CF42FBE9-5017-4C57-8FF5-EE3C6F220203}
	EndGlobalSection
EndGlobal
