
Microsoft Visual Studio Solution File, Format Version 12.00
# Visual Studio Version 17
VisualStudioVersion = 17.4.33122.133
MinimumVisualStudioVersion = 10.0.40219.1
Project("{FAE04EC0-301F-11D3-BF4B-00C04F79EFBC}") = "MoviesMsft", "MoviesMsft\MoviesMsft.csproj", "{3803A808-9310-48C1-8774-22574CC69F72}"
EndProject
Global
	GlobalSection(SolutionConfigurationPlatforms) = preSolution
		Debug|Any CPU = Debug|Any CPU
		Release|Any CPU = Release|Any CPU
	EndGlobalSection
	GlobalSection(ProjectConfigurationPlatforms) = postSolution
		{3803A808-9310-48C1-8774-22574CC69F72}.Debug|Any CPU.ActiveCfg = Debug|Any CPU
		{3803A808-9310-48C1-8774-22574CC69F72}.Debug|Any CPU.Build.0 = Debug|Any CPU
		{3803A808-9310-48C1-8774-22574CC69F72}.Release|Any CPU.ActiveCfg = Release|Any CPU
		{3803A808-9310-48C1-8774-22574CC69F72}.Release|Any CPU.Build.0 = Release|Any CPU
	EndGlobalSection
	GlobalSection(SolutionProperties) = preSolution
		HideSolutionNode = FALSE
	EndGlobalSection
	GlobalSection(ExtensibilityGlobals) = postSolution
		SolutionGuid = {E75420B9-D679-4BE5-B5B9-032CEB44B964}
	EndGlobalSection
EndGlobal
