
Microsoft Visual Studio Solution File, Format Version 12.00
# Visual Studio Version 17
VisualStudioVersion = 17.4.33122.133
MinimumVisualStudioVersion = 10.0.40219.1
Project("{FAE04EC0-301F-11D3-BF4B-00C04F79EFBC}") = "Agenda-Contatos", "Agenda-Contatos\Agenda-Contatos.csproj", "{489D05FF-8689-453E-BEED-9EEA830D8096}"
EndProject
Global
	GlobalSection(SolutionConfigurationPlatforms) = preSolution
		Debug|Any CPU = Debug|Any CPU
		Release|Any CPU = Release|Any CPU
	EndGlobalSection
	GlobalSection(ProjectConfigurationPlatforms) = postSolution
		{489D05FF-8689-453E-BEED-9EEA830D8096}.Debug|Any CPU.ActiveCfg = Debug|Any CPU
		{489D05FF-8689-453E-BEED-9EEA830D8096}.Debug|Any CPU.Build.0 = Debug|Any CPU
		{489D05FF-8689-453E-BEED-9EEA830D8096}.Release|Any CPU.ActiveCfg = Release|Any CPU
		{489D05FF-8689-453E-BEED-9EEA830D8096}.Release|Any CPU.Build.0 = Release|Any CPU
	EndGlobalSection
	GlobalSection(SolutionProperties) = preSolution
		HideSolutionNode = FALSE
	EndGlobalSection
	GlobalSection(ExtensibilityGlobals) = postSolution
		SolutionGuid = {FDD4EDA4-EC40-4689-9CD1-817AD7BE5BA2}
	EndGlobalSection
EndGlobal
