
Microsoft Visual Studio Solution File, Format Version 12.00
# Visual Studio Version 17
VisualStudioVersion = 17.3.32825.248
MinimumVisualStudioVersion = 10.0.40219.1
Project("{FAE04EC0-301F-11D3-BF4B-00C04F79EFBC}") = "ConsoleApp1", "ConsoleApp1.csproj", "{34E41A2B-1285-4D39-9C62-23237E4AC025}"
EndProject
Global
	GlobalSection(SolutionConfigurationPlatforms) = preSolution
		Debug|Any CPU = Debug|Any CPU
		Release|Any CPU = Release|Any CPU
	EndGlobalSection
	GlobalSection(ProjectConfigurationPlatforms) = postSolution
		{34E41A2B-1285-4D39-9C62-23237E4AC025}.Debug|Any CPU.ActiveCfg = Debug|Any CPU
		{34E41A2B-1285-4D39-9C62-23237E4AC025}.Debug|Any CPU.Build.0 = Debug|Any CPU
		{34E41A2B-1285-4D39-9C62-23237E4AC025}.Release|Any CPU.ActiveCfg = Release|Any CPU
		{34E41A2B-1285-4D39-9C62-23237E4AC025}.Release|Any CPU.Build.0 = Release|Any CPU
	EndGlobalSection
	GlobalSection(SolutionProperties) = preSolution
		HideSolutionNode = FALSE
	EndGlobalSection
	GlobalSection(ExtensibilityGlobals) = postSolution
		SolutionGuid = {630D13D8-EBA0-4A3E-A02F-CB1D3DA05204}
	EndGlobalSection
EndGlobal
